
Microsoft Visual Studio Solution File, Format Version 12.00
# Visual Studio 2012
Project("{FAE04EC0-301F-11D3-BF4B-00C04F79EFBC}") = "TDD_UnitTest", "TDD_UnitTest\TDD_UnitTest.csproj", "{4F533D98-6C7E-4C13-9A59-FD9FDC2C4503}"
EndProject
Project("{FAE04EC0-301F-11D3-BF4B-00C04F79EFBC}") = "Calculator", "Calculator\Calculator.csproj", "{8B16D938-0092-4F18-82C7-F9238D3858C3}"
EndProject
Global
	GlobalSection(SolutionConfigurationPlatforms) = preSolution
		Debug|Any CPU = Debug|Any CPU
		Release|Any CPU = Release|Any CPU
	EndGlobalSection
	GlobalSection(ProjectConfigurationPlatforms) = postSolution
		{4F533D98-6C7E-4C13-9A59-FD9FDC2C4503}.Debug|Any CPU.ActiveCfg = Debug|Any CPU
		{4F533D98-6C7E-4C13-9A59-FD9FDC2C4503}.Debug|Any CPU.Build.0 = Debug|Any CPU
		{4F533D98-6C7E-4C13-9A59-FD9FDC2C4503}.Release|Any CPU.ActiveCfg = Release|Any CPU
		{4F533D98-6C7E-4C13-9A59-FD9FDC2C4503}.Release|Any CPU.Build.0 = Release|Any CPU
		{8B16D938-0092-4F18-82C7-F9238D3858C3}.Debug|Any CPU.ActiveCfg = Debug|Any CPU
		{8B16D938-0092-4F18-82C7-F9238D3858C3}.Debug|Any CPU.Build.0 = Debug|Any CPU
		{8B16D938-0092-4F18-82C7-F9238D3858C3}.Release|Any CPU.ActiveCfg = Release|Any CPU
		{8B16D938-0092-4F18-82C7-F9238D3858C3}.Release|Any CPU.Build.0 = Release|Any CPU
	EndGlobalSection
	GlobalSection(SolutionProperties) = preSolution
		HideSolutionNode = FALSE
	EndGlobalSection
EndGlobal
